
Microsoft Visual Studio Solution File, Format Version 12.00
# Visual Studio Version 17
VisualStudioVersion = 17.7.34031.279
MinimumVisualStudioVersion = 10.0.40219.1
Project("{FAE04EC0-301F-11D3-BF4B-00C04F79EFBC}") = "RAVSHOPPING", "RAVSHOPPING.csproj", "{1FFD5B60-7E34-43F6-A165-B5B3BA1892C0}"
EndProject
Global
	GlobalSection(SolutionConfigurationPlatforms) = preSolution
		Debug|Any CPU = Debug|Any CPU
		Release|Any CPU = Release|Any CPU
	EndGlobalSection
	GlobalSection(ProjectConfigurationPlatforms) = postSolution
		{1FFD5B60-7E34-43F6-A165-B5B3BA1892C0}.Debug|Any CPU.ActiveCfg = Debug|Any CPU
		{1FFD5B60-7E34-43F6-A165-B5B3BA1892C0}.Debug|Any CPU.Build.0 = Debug|Any CPU
		{1FFD5B60-7E34-43F6-A165-B5B3BA1892C0}.Release|Any CPU.ActiveCfg = Release|Any CPU
		{1FFD5B60-7E34-43F6-A165-B5B3BA1892C0}.Release|Any CPU.Build.0 = Release|Any CPU
	EndGlobalSection
	GlobalSection(SolutionProperties) = preSolution
		HideSolutionNode = FALSE
	EndGlobalSection
	GlobalSection(ExtensibilityGlobals) = postSolution
		SolutionGuid = {EBAB26EF-DDCD-4145-B7B5-1DACA58A5083}
	EndGlobalSection
EndGlobal
